
Microsoft Visual Studio Solution File, Format Version 12.00
# Visual Studio Version 17
VisualStudioVersion = 17.8.34330.188
MinimumVisualStudioVersion = 10.0.40219.1
Project("{9A19103F-16F7-4668-BE54-9A1E7A4F7556}") = "mvm-score-archive-api", "mvm-score-archive-api\mvm-score-archive-api.csproj", "{A38D698C-3B07-4D97-8585-AFCE72998FA7}"
EndProject
Project("{2150E333-8FDC-42A3-9474-1A3956D46DE8}") = "Solution Items", "Solution Items", "{E588ACCA-1FF1-42EA-AE0D-6E32BFC2B300}"
EndProject
Project("{9A19103F-16F7-4668-BE54-9A1E7A4F7556}") = "mvm-score-archive-service", "mvm-score-archive-service\mvm-score-archive-service.csproj", "{3780D2F4-929C-4263-B04C-DC79845C94A6}"
EndProject
Global
	GlobalSection(SolutionConfigurationPlatforms) = preSolution
		Debug|Any CPU = Debug|Any CPU
		Release|Any CPU = Release|Any CPU
	EndGlobalSection
	GlobalSection(ProjectConfigurationPlatforms) = postSolution
		{A38D698C-3B07-4D97-8585-AFCE72998FA7}.Debug|Any CPU.ActiveCfg = Debug|Any CPU
		{A38D698C-3B07-4D97-8585-AFCE72998FA7}.Debug|Any CPU.Build.0 = Debug|Any CPU
		{A38D698C-3B07-4D97-8585-AFCE72998FA7}.Release|Any CPU.ActiveCfg = Release|Any CPU
		{A38D698C-3B07-4D97-8585-AFCE72998FA7}.Release|Any CPU.Build.0 = Release|Any CPU
		{3780D2F4-929C-4263-B04C-DC79845C94A6}.Debug|Any CPU.ActiveCfg = Debug|Any CPU
		{3780D2F4-929C-4263-B04C-DC79845C94A6}.Debug|Any CPU.Build.0 = Debug|Any CPU
		{3780D2F4-929C-4263-B04C-DC79845C94A6}.Release|Any CPU.ActiveCfg = Release|Any CPU
		{3780D2F4-929C-4263-B04C-DC79845C94A6}.Release|Any CPU.Build.0 = Release|Any CPU
	EndGlobalSection
	GlobalSection(SolutionProperties) = preSolution
		HideSolutionNode = FALSE
	EndGlobalSection
	GlobalSection(ExtensibilityGlobals) = postSolution
		SolutionGuid = {CF746667-019E-4435-92BB-0F0CCEB5CD3F}
	EndGlobalSection
EndGlobal
